
Microsoft Visual Studio Solution File, Format Version 12.00
# Visual Studio 15
VisualStudioVersion = 15.0.27428.2015
MinimumVisualStudioVersion = 10.0.40219.1
Project("{FAE04EC0-301F-11D3-BF4B-00C04F79EFBC}") = "FBApp.UI", "FBApp.UI\FBApp.UI.csproj", "{16A279B9-77A7-43F3-A45A-E0F33C5E5E9C}"
EndProject
Project("{FAE04EC0-301F-11D3-BF4B-00C04F79EFBC}") = "FBApp.Features", "FBApp.Features\FBApp.Features.csproj", "{BCA5F66B-806C-4A94-806D-B25DAE773BE0}"
EndProject
Project("{2150E333-8FDC-42A3-9474-1A3956D46DE8}") = "Solution Items", "Solution Items", "{9FBE537C-3B91-4CEE-9DB7-E1F0B0A2CAF0}"
	ProjectSection(SolutionItems) = preProject
		C18 Ex02 David 204185805 Ofir 204270953.docx = C18 Ex02 David 204185805 Ofir 204270953.docx
		Exercise Checking Report.txt = Exercise Checking Report.txt
	EndProjectSection
EndProject
Global
	GlobalSection(SolutionConfigurationPlatforms) = preSolution
		Debug|Any CPU = Debug|Any CPU
		Release|Any CPU = Release|Any CPU
	EndGlobalSection
	GlobalSection(ProjectConfigurationPlatforms) = postSolution
		{16A279B9-77A7-43F3-A45A-E0F33C5E5E9C}.Debug|Any CPU.ActiveCfg = Debug|Any CPU
		{16A279B9-77A7-43F3-A45A-E0F33C5E5E9C}.Debug|Any CPU.Build.0 = Debug|Any CPU
		{16A279B9-77A7-43F3-A45A-E0F33C5E5E9C}.Release|Any CPU.ActiveCfg = Release|Any CPU
		{16A279B9-77A7-43F3-A45A-E0F33C5E5E9C}.Release|Any CPU.Build.0 = Release|Any CPU
		{BCA5F66B-806C-4A94-806D-B25DAE773BE0}.Debug|Any CPU.ActiveCfg = Debug|Any CPU
		{BCA5F66B-806C-4A94-806D-B25DAE773BE0}.Debug|Any CPU.Build.0 = Debug|Any CPU
		{BCA5F66B-806C-4A94-806D-B25DAE773BE0}.Release|Any CPU.ActiveCfg = Release|Any CPU
		{BCA5F66B-806C-4A94-806D-B25DAE773BE0}.Release|Any CPU.Build.0 = Release|Any CPU
	EndGlobalSection
	GlobalSection(SolutionProperties) = preSolution
		HideSolutionNode = FALSE
	EndGlobalSection
	GlobalSection(ExtensibilityGlobals) = postSolution
		SolutionGuid = {4BABE954-0E37-4A2E-9F27-9367A4501706}
	EndGlobalSection
EndGlobal
